
Microsoft Visual Studio Solution File, Format Version 12.00
# Visual Studio Version 17
VisualStudioVersion = 17.3.32819.101
MinimumVisualStudioVersion = 10.0.40219.1
Project("{9A19103F-16F7-4668-BE54-9A1E7A4F7556}") = "ConsoleApp8", "ConsoleApp8\ConsoleApp8.csproj", "{D4A1FDF3-2082-4DF9-99B4-21C8C31CC597}"
EndProject
Project("{9A19103F-16F7-4668-BE54-9A1E7A4F7556}") = "ConsoleApp1", "ConsoleApp1\ConsoleApp1.csproj", "{0D9CF9E8-0A4C-455F-8EE5-E8ED5DC88B6E}"
EndProject
Project("{9A19103F-16F7-4668-BE54-9A1E7A4F7556}") = "ConsoleApp2", "ConsoleApp2\ConsoleApp2.csproj", "{8DDB2D74-68E7-412B-A97D-4FAA0D31928C}"
EndProject
Project("{9A19103F-16F7-4668-BE54-9A1E7A4F7556}") = "ConsoleApp4", "ConsoleApp4\ConsoleApp4.csproj", "{C2EEA561-E81D-47F5-9F3E-85E51E69DF27}"
EndProject
Project("{FAE04EC0-301F-11D3-BF4B-00C04F79EFBC}") = "ConsoleApp5", "ConsoleApp5\ConsoleApp5.csproj", "{0234582A-BD28-4729-818C-698FD30AC036}"
EndProject
Global
	GlobalSection(SolutionConfigurationPlatforms) = preSolution
		Debug|Any CPU = Debug|Any CPU
		Release|Any CPU = Release|Any CPU
	EndGlobalSection
	GlobalSection(ProjectConfigurationPlatforms) = postSolution
		{D4A1FDF3-2082-4DF9-99B4-21C8C31CC597}.Debug|Any CPU.ActiveCfg = Debug|Any CPU
		{D4A1FDF3-2082-4DF9-99B4-21C8C31CC597}.Debug|Any CPU.Build.0 = Debug|Any CPU
		{D4A1FDF3-2082-4DF9-99B4-21C8C31CC597}.Release|Any CPU.ActiveCfg = Release|Any CPU
		{D4A1FDF3-2082-4DF9-99B4-21C8C31CC597}.Release|Any CPU.Build.0 = Release|Any CPU
		{0D9CF9E8-0A4C-455F-8EE5-E8ED5DC88B6E}.Debug|Any CPU.ActiveCfg = Debug|Any CPU
		{0D9CF9E8-0A4C-455F-8EE5-E8ED5DC88B6E}.Debug|Any CPU.Build.0 = Debug|Any CPU
		{0D9CF9E8-0A4C-455F-8EE5-E8ED5DC88B6E}.Release|Any CPU.ActiveCfg = Release|Any CPU
		{0D9CF9E8-0A4C-455F-8EE5-E8ED5DC88B6E}.Release|Any CPU.Build.0 = Release|Any CPU
		{8DDB2D74-68E7-412B-A97D-4FAA0D31928C}.Debug|Any CPU.ActiveCfg = Debug|Any CPU
		{8DDB2D74-68E7-412B-A97D-4FAA0D31928C}.Debug|Any CPU.Build.0 = Debug|Any CPU
		{8DDB2D74-68E7-412B-A97D-4FAA0D31928C}.Release|Any CPU.ActiveCfg = Release|Any CPU
		{8DDB2D74-68E7-412B-A97D-4FAA0D31928C}.Release|Any CPU.Build.0 = Release|Any CPU
		{C2EEA561-E81D-47F5-9F3E-85E51E69DF27}.Debug|Any CPU.ActiveCfg = Debug|Any CPU
		{C2EEA561-E81D-47F5-9F3E-85E51E69DF27}.Debug|Any CPU.Build.0 = Debug|Any CPU
		{C2EEA561-E81D-47F5-9F3E-85E51E69DF27}.Release|Any CPU.ActiveCfg = Release|Any CPU
		{C2EEA561-E81D-47F5-9F3E-85E51E69DF27}.Release|Any CPU.Build.0 = Release|Any CPU
		{0234582A-BD28-4729-818C-698FD30AC036}.Debug|Any CPU.ActiveCfg = Debug|Any CPU
		{0234582A-BD28-4729-818C-698FD30AC036}.Debug|Any CPU.Build.0 = Debug|Any CPU
		{0234582A-BD28-4729-818C-698FD30AC036}.Release|Any CPU.ActiveCfg = Release|Any CPU
		{0234582A-BD28-4729-818C-698FD30AC036}.Release|Any CPU.Build.0 = Release|Any CPU
	EndGlobalSection
	GlobalSection(SolutionProperties) = preSolution
		HideSolutionNode = FALSE
	EndGlobalSection
	GlobalSection(ExtensibilityGlobals) = postSolution
		SolutionGuid = {AB167E2F-9DC8-4755-AD5D-1FF33CAEA0B0}
	EndGlobalSection
EndGlobal
